
Microsoft Visual Studio Solution File, Format Version 12.00
# Visual Studio Version 17
VisualStudioVersion = 17.5.33530.505
MinimumVisualStudioVersion = 10.0.40219.1
Project("{FAE04EC0-301F-11D3-BF4B-00C04F79EFBC}") = "ChallengeApp", "ChallengeApp\ChallengeApp.csproj", "{2C28EB12-F14B-43F1-97F1-0369E837C0F0}"
EndProject
Global
	GlobalSection(SolutionConfigurationPlatforms) = preSolution
		Debug|Any CPU = Debug|Any CPU
		Release|Any CPU = Release|Any CPU
	EndGlobalSection
	GlobalSection(ProjectConfigurationPlatforms) = postSolution
		{2C28EB12-F14B-43F1-97F1-0369E837C0F0}.Debug|Any CPU.ActiveCfg = Debug|Any CPU
		{2C28EB12-F14B-43F1-97F1-0369E837C0F0}.Debug|Any CPU.Build.0 = Debug|Any CPU
		{2C28EB12-F14B-43F1-97F1-0369E837C0F0}.Release|Any CPU.ActiveCfg = Release|Any CPU
		{2C28EB12-F14B-43F1-97F1-0369E837C0F0}.Release|Any CPU.Build.0 = Release|Any CPU
	EndGlobalSection
	GlobalSection(SolutionProperties) = preSolution
		HideSolutionNode = FALSE
	EndGlobalSection
	GlobalSection(ExtensibilityGlobals) = postSolution
		SolutionGuid = {D9204762-610C-4E28-A139-74D14431A088}
	EndGlobalSection
EndGlobal
